PODS:
  - CocoaLumberjack (1.9.2):
    - CocoaLumberjack/Extensions (= 1.9.2)
  - CocoaLumberjack/Core (1.9.2)
  - CocoaLumberjack/Extensions (1.9.2):
    - CocoaLumberjack/Core
  - kingpin (0.2.beta)

DEPENDENCIES:
  - CocoaLumberjack
  - kingpin (from `https://github.com/denivip/kingpin.git`, branch `denivip`)

EXTERNAL SOURCES:
  kingpin:
    :branch: denivip
    :git: https://github.com/denivip/kingpin.git

CHECKOUT OPTIONS:
  kingpin:
    :commit: 6d55f7d14e5c42a5a4a2cdb33289425e0b242f57
    :git: https://github.com/denivip/kingpin.git

SPEC CHECKSUMS:
  CocoaLumberjack: 628fca2e88ef06f7cf6817309aa405f325d9a6fa
  kingpin: e6f82f795552daf47d723aa67a3d7b86841647b3

COCOAPODS: 0.39.0
