// !$*UTF8*$!
{
	archiveVersion = 1;
	classes = {
	};
	objectVersion = 46;
	objects = {

/* Begin PBXBuildFile section */
		720CC17DA2312B8032105534 /* libPods.a in Frameworks */ = {isa = PBXBuildFile; fileRef = 25201B60F367C42A539AE687 /* libPods.a */; };
		74ACB79E1A4C21EF00900C67 /* CoreLocation.framework in Frameworks */ = {isa = PBXBuildFile; fileRef = 74ACB79D1A4C21EF00900C67 /* CoreLocation.framework */; };
		74ACB7A51A4C6A9B00900C67 /* DVGStreamsDataController.m in Sources */ = {isa = PBXBuildFile; fileRef = 74ACB7A21A4C6A9B00900C67 /* DVGStreamsDataController.m */; };
		74ACB7A61A4C6A9B00900C67 /* DVGStreamSelectionViewController.m in Sources */ = {isa = PBXBuildFile; fileRef = 74ACB7A41A4C6A9B00900C67 /* DVGStreamSelectionViewController.m */; };
		74ACB7C71A4DCF1C00900C67 /* libiconv.dylib in Frameworks */ = {isa = PBXBuildFile; fileRef = 74ACB7C61A4DCF1C00900C67 /* libiconv.dylib */; };
		74D3D4191AD7D56B00D40781 /* DVGFeatureListTableViewController.m in Sources */ = {isa = PBXBuildFile; fileRef = 74D3D4181AD7D56B00D40781 /* DVGFeatureListTableViewController.m */; };
		74E8D11A1A44401700E646AB /* main.m in Sources */ = {isa = PBXBuildFile; fileRef = 74E8D1191A44401700E646AB /* main.m */; };
		74E8D11D1A44401700E646AB /* AppDelegate.m in Sources */ = {isa = PBXBuildFile; fileRef = 74E8D11C1A44401700E646AB /* AppDelegate.m */; };
		74E8D1231A44401700E646AB /* Main.storyboard in Resources */ = {isa = PBXBuildFile; fileRef = 74E8D1211A44401700E646AB /* Main.storyboard */; };
		74E8D1251A44401700E646AB /* Images.xcassets in Resources */ = {isa = PBXBuildFile; fileRef = 74E8D1241A44401700E646AB /* Images.xcassets */; };
		74E8D1281A44401700E646AB /* LaunchScreen.xib in Resources */ = {isa = PBXBuildFile; fileRef = 74E8D1261A44401700E646AB /* LaunchScreen.xib */; };
		74E8D1341A44401700E646AB /* Nine00SecondsSDKExampleTests.m in Sources */ = {isa = PBXBuildFile; fileRef = 74E8D1331A44401700E646AB /* Nine00SecondsSDKExampleTests.m */; };
		74E8D1601A444A7B00E646AB /* libNine00SecondsSDK.a in Frameworks */ = {isa = PBXBuildFile; fileRef = 74E8D15E1A4448BC00E646AB /* libNine00SecondsSDK.a */; };
		74E8D1761A482E2800E646AB /* libavcodec.a in Frameworks */ = {isa = PBXBuildFile; fileRef = 74E8D1721A482E2700E646AB /* libavcodec.a */; };
		74E8D1771A482E2800E646AB /* libavdevice.a in Frameworks */ = {isa = PBXBuildFile; fileRef = 74E8D1731A482E2700E646AB /* libavdevice.a */; };
		74E8D1781A482E2800E646AB /* libavformat.a in Frameworks */ = {isa = PBXBuildFile; fileRef = 74E8D1741A482E2700E646AB /* libavformat.a */; };
		74E8D1791A482E2800E646AB /* libavutil.a in Frameworks */ = {isa = PBXBuildFile; fileRef = 74E8D1751A482E2700E646AB /* libavutil.a */; };
		74E8D1811A482E4300E646AB /* EXTScope.m in Sources */ = {isa = PBXBuildFile; fileRef = 74E8D17D1A482E4300E646AB /* EXTScope.m */; };
		74E8D1821A482E4300E646AB /* EXTSelectorChecking.m in Sources */ = {isa = PBXBuildFile; fileRef = 74E8D17F1A482E4300E646AB /* EXTSelectorChecking.m */; };
		74E8D1991A4AECE500E646AB /* DVGCameraViewController.m in Sources */ = {isa = PBXBuildFile; fileRef = 74E8D1981A4AECE500E646AB /* DVGCameraViewController.m */; };
		869351721A4D4D0A00FF8532 /* DVGClusterAnnotationView.m in Sources */ = {isa = PBXBuildFile; fileRef = 869351691A4D4D0A00FF8532 /* DVGClusterAnnotationView.m */; };
		869351731A4D4D0A00FF8532 /* DVGStreamAnnotationView.m in Sources */ = {isa = PBXBuildFile; fileRef = 8693516B1A4D4D0A00FF8532 /* DVGStreamAnnotationView.m */; };
		869351741A4D4D0A00FF8532 /* DVGStreamOverlayRenderer.m in Sources */ = {isa = PBXBuildFile; fileRef = 8693516D1A4D4D0A00FF8532 /* DVGStreamOverlayRenderer.m */; };
		869351751A4D4D0A00FF8532 /* DVGStreamsMapAnnotationView.m in Sources */ = {isa = PBXBuildFile; fileRef = 8693516F1A4D4D0A00FF8532 /* DVGStreamsMapAnnotationView.m */; };
		869351761A4D4D0A00FF8532 /* DVGStreamsMapViewController.m in Sources */ = {isa = PBXBuildFile; fileRef = 869351711A4D4D0A00FF8532 /* DVGStreamsMapViewController.m */; };
		869351791A4D4D5700FF8532 /* DVGMKAnnotationUtilities.m in Sources */ = {isa = PBXBuildFile; fileRef = 869351781A4D4D5700FF8532 /* DVGMKAnnotationUtilities.m */; };
		86C8700B1A4CE2B2008CCEC0 /* NHSStream+MapKit.m in Sources */ = {isa = PBXBuildFile; fileRef = 86C870041A4CE2B2008CCEC0 /* NHSStream+MapKit.m */; };
		86C8700E1A4CE2B2008CCEC0 /* NHSViewer+MapKit.m in Sources */ = {isa = PBXBuildFile; fileRef = 86C8700A1A4CE2B2008CCEC0 /* NHSViewer+MapKit.m */; };
/* End PBXBuildFile section */

/* Begin PBXContainerItemProxy section */
		74E8D12E1A44401700E646AB /* PBXContainerItemProxy */ = {
			isa = PBXContainerItemProxy;
			containerPortal = 74E8D10C1A44401700E646AB /* Project object */;
			proxyType = 1;
			remoteGlobalIDString = 74E8D1131A44401700E646AB;
			remoteInfo = Nine00SecondsSDKExample;
		};
/* End PBXContainerItemProxy section */

/* Begin PBXFileReference section */
		25201B60F367C42A539AE687 /* libPods.a */ = {isa = PBXFileReference; explicitFileType = archive.ar; includeInIndex = 0; path = libPods.a; sourceTree = BUILT_PRODUCTS_DIR; };
		74ACB79D1A4C21EF00900C67 /* CoreLocation.framework */ = {isa = PBXFileReference; lastKnownFileType = wrapper.framework; name = CoreLocation.framework; path = System/Library/Frameworks/CoreLocation.framework; sourceTree = SDKROOT; };
		74ACB7A11A4C6A9B00900C67 /* DVGStreamsDataController.h */ = {isa = PBXFileReference; fileEncoding = 4; lastKnownFileType = sourcecode.c.h; path = DVGStreamsDataController.h; sourceTree = "<group>"; };
		74ACB7A21A4C6A9B00900C67 /* DVGStreamsDataController.m */ = {isa = PBXFileReference; fileEncoding = 4; lastKnownFileType = sourcecode.c.objc; path = DVGStreamsDataController.m; sourceTree = "<group>"; };
		74ACB7A31A4C6A9B00900C67 /* DVGStreamSelectionViewController.h */ = {isa = PBXFileReference; fileEncoding = 4; lastKnownFileType = sourcecode.c.h; path = DVGStreamSelectionViewController.h; sourceTree = "<group>"; };
		74ACB7A41A4C6A9B00900C67 /* DVGStreamSelectionViewController.m */ = {isa = PBXFileReference; fileEncoding = 4; lastKnownFileType = sourcecode.c.objc; path = DVGStreamSelectionViewController.m; sourceTree = "<group>"; };
		74ACB7C61A4DCF1C00900C67 /* libiconv.dylib */ = {isa = PBXFileReference; lastKnownFileType = "compiled.mach-o.dylib"; name = libiconv.dylib; path = usr/lib/libiconv.dylib; sourceTree = SDKROOT; };
		74D3D4171AD7D56B00D40781 /* DVGFeatureListTableViewController.h */ = {isa = PBXFileReference; fileEncoding = 4; lastKnownFileType = sourcecode.c.h; path = DVGFeatureListTableViewController.h; sourceTree = "<group>"; };
		74D3D4181AD7D56B00D40781 /* DVGFeatureListTableViewController.m */ = {isa = PBXFileReference; fileEncoding = 4; lastKnownFileType = sourcecode.c.objc; path = DVGFeatureListTableViewController.m; sourceTree = "<group>"; };
		74E8D1141A44401700E646AB /* Nine00SecondsSDKExample.app */ = {isa = PBXFileReference; explicitFileType = wrapper.application; includeInIndex = 0; path = Nine00SecondsSDKExample.app; sourceTree = BUILT_PRODUCTS_DIR; };
		74E8D1181A44401700E646AB /* Info.plist */ = {isa = PBXFileReference; lastKnownFileType = text.plist.xml; path = Info.plist; sourceTree = "<group>"; };
		74E8D1191A44401700E646AB /* main.m */ = {isa = PBXFileReference; lastKnownFileType = sourcecode.c.objc; path = main.m; sourceTree = "<group>"; };
		74E8D11B1A44401700E646AB /* AppDelegate.h */ = {isa = PBXFileReference; lastKnownFileType = sourcecode.c.h; path = AppDelegate.h; sourceTree = "<group>"; };
		74E8D11C1A44401700E646AB /* AppDelegate.m */ = {isa = PBXFileReference; lastKnownFileType = sourcecode.c.objc; path = AppDelegate.m; sourceTree = "<group>"; };
		74E8D1221A44401700E646AB /* Base */ = {isa = PBXFileReference; lastKnownFileType = file.storyboard; name = Base; path = Base.lproj/Main.storyboard; sourceTree = "<group>"; };
		74E8D1241A44401700E646AB /* Images.xcassets */ = {isa = PBXFileReference; lastKnownFileType = folder.assetcatalog; path = Images.xcassets; sourceTree = "<group>"; };
		74E8D1271A44401700E646AB /* Base */ = {isa = PBXFileReference; lastKnownFileType = file.xib; name = Base; path = Base.lproj/LaunchScreen.xib; sourceTree = "<group>"; };
		74E8D12D1A44401700E646AB /* Nine00SecondsSDKExampleTests.xctest */ = {isa = PBXFileReference; explicitFileType = wrapper.cfbundle; includeInIndex = 0; path = Nine00SecondsSDKExampleTests.xctest; sourceTree = BUILT_PRODUCTS_DIR; };
		74E8D1321A44401700E646AB /* Info.plist */ = {isa = PBXFileReference; lastKnownFileType = text.plist.xml; path = Info.plist; sourceTree = "<group>"; };
		74E8D1331A44401700E646AB /* Nine00SecondsSDKExampleTests.m */ = {isa = PBXFileReference; lastKnownFileType = sourcecode.c.objc; path = Nine00SecondsSDKExampleTests.m; sourceTree = "<group>"; };
		74E8D15E1A4448BC00E646AB /* libNine00SecondsSDK.a */ = {isa = PBXFileReference; lastKnownFileType = archive.ar; path = libNine00SecondsSDK.a; sourceTree = "<group>"; };
		74E8D16E1A482DC700E646AB /* Nine00SecondsSDKExample.pch */ = {isa = PBXFileReference; lastKnownFileType = sourcecode.c.h; path = Nine00SecondsSDKExample.pch; sourceTree = "<group>"; };
		74E8D1721A482E2700E646AB /* libavcodec.a */ = {isa = PBXFileReference; lastKnownFileType = archive.ar; path = libavcodec.a; sourceTree = "<group>"; };
		74E8D1731A482E2700E646AB /* libavdevice.a */ = {isa = PBXFileReference; lastKnownFileType = archive.ar; path = libavdevice.a; sourceTree = "<group>"; };
		74E8D1741A482E2700E646AB /* libavformat.a */ = {isa = PBXFileReference; lastKnownFileType = archive.ar; path = libavformat.a; sourceTree = "<group>"; };
		74E8D1751A482E2700E646AB /* libavutil.a */ = {isa = PBXFileReference; lastKnownFileType = archive.ar; path = libavutil.a; sourceTree = "<group>"; };
		74E8D17A1A482E4300E646AB /* extobjc_Prefix.pch */ = {isa = PBXFileReference; fileEncoding = 4; lastKnownFileType = sourcecode.c.h; path = extobjc_Prefix.pch; sourceTree = "<group>"; };
		74E8D17B1A482E4300E646AB /* extobjc.h */ = {isa = PBXFileReference; fileEncoding = 4; lastKnownFileType = sourcecode.c.h; path = extobjc.h; sourceTree = "<group>"; };
		74E8D17C1A482E4300E646AB /* EXTScope.h */ = {isa = PBXFileReference; fileEncoding = 4; lastKnownFileType = sourcecode.c.h; path = EXTScope.h; sourceTree = "<group>"; };
		74E8D17D1A482E4300E646AB /* EXTScope.m */ = {isa = PBXFileReference; fileEncoding = 4; lastKnownFileType = sourcecode.c.objc; path = EXTScope.m; sourceTree = "<group>"; };
		74E8D17E1A482E4300E646AB /* EXTSelectorChecking.h */ = {isa = PBXFileReference; fileEncoding = 4; lastKnownFileType = sourcecode.c.h; path = EXTSelectorChecking.h; sourceTree = "<group>"; };
		74E8D17F1A482E4300E646AB /* EXTSelectorChecking.m */ = {isa = PBXFileReference; fileEncoding = 4; lastKnownFileType = sourcecode.c.objc; path = EXTSelectorChecking.m; sourceTree = "<group>"; };
		74E8D1801A482E4300E646AB /* metamacros.h */ = {isa = PBXFileReference; fileEncoding = 4; lastKnownFileType = sourcecode.c.h; path = metamacros.h; sourceTree = "<group>"; };
		74E8D1831A482E5700E646AB /* EXTKeyPathCoding.h */ = {isa = PBXFileReference; fileEncoding = 4; lastKnownFileType = sourcecode.c.h; path = EXTKeyPathCoding.h; sourceTree = "<group>"; };
		74E8D1971A4AECE500E646AB /* DVGCameraViewController.h */ = {isa = PBXFileReference; fileEncoding = 4; lastKnownFileType = sourcecode.c.h; path = DVGCameraViewController.h; sourceTree = "<group>"; };
		74E8D1981A4AECE500E646AB /* DVGCameraViewController.m */ = {isa = PBXFileReference; fileEncoding = 4; lastKnownFileType = sourcecode.c.objc; path = DVGCameraViewController.m; sourceTree = "<group>"; };
		74EF64E41A7656D5004AA79D /* NHSApplication.h */ = {isa = PBXFileReference; fileEncoding = 4; lastKnownFileType = sourcecode.c.h; name = NHSApplication.h; path = Headers/NHSApplication.h; sourceTree = "<group>"; };
		74EF64E51A7656D5004AA79D /* NHSBroadcastManager.h */ = {isa = PBXFileReference; fileEncoding = 4; lastKnownFileType = sourcecode.c.h; name = NHSBroadcastManager.h; path = Headers/NHSBroadcastManager.h; sourceTree = "<group>"; };
		74EF64E61A7656D5004AA79D /* NHSCapturePreviewView.h */ = {isa = PBXFileReference; fileEncoding = 4; lastKnownFileType = sourcecode.c.h; name = NHSCapturePreviewView.h; path = Headers/NHSCapturePreviewView.h; sourceTree = "<group>"; };
		74EF64E71A7656D5004AA79D /* NHSStream.h */ = {isa = PBXFileReference; fileEncoding = 4; lastKnownFileType = sourcecode.c.h; name = NHSStream.h; path = Headers/NHSStream.h; sourceTree = "<group>"; };
		74EF64E81A7656D5004AA79D /* NHSStreamPlayerController.h */ = {isa = PBXFileReference; fileEncoding = 4; lastKnownFileType = sourcecode.c.h; name = NHSStreamPlayerController.h; path = Headers/NHSStreamPlayerController.h; sourceTree = "<group>"; };
		74EF64E91A7656D5004AA79D /* NHSStreamPlayerViewController.h */ = {isa = PBXFileReference; fileEncoding = 4; lastKnownFileType = sourcecode.c.h; name = NHSStreamPlayerViewController.h; path = Headers/NHSStreamPlayerViewController.h; sourceTree = "<group>"; };
		74EF64EA1A7656D5004AA79D /* NHSViewer.h */ = {isa = PBXFileReference; fileEncoding = 4; lastKnownFileType = sourcecode.c.h; name = NHSViewer.h; path = Headers/NHSViewer.h; sourceTree = "<group>"; };
		74EF64EB1A7656D5004AA79D /* Nine00SecondsSDK.h */ = {isa = PBXFileReference; fileEncoding = 4; lastKnownFileType = sourcecode.c.h; name = Nine00SecondsSDK.h; path = Headers/Nine00SecondsSDK.h; sourceTree = "<group>"; };
		869351681A4D4D0A00FF8532 /* DVGClusterAnnotationView.h */ = {isa = PBXFileReference; fileEncoding = 4; lastKnownFileType = sourcecode.c.h; path = DVGClusterAnnotationView.h; sourceTree = "<group>"; };
		869351691A4D4D0A00FF8532 /* DVGClusterAnnotationView.m */ = {isa = PBXFileReference; fileEncoding = 4; lastKnownFileType = sourcecode.c.objc; path = DVGClusterAnnotationView.m; sourceTree = "<group>"; };
		8693516A1A4D4D0A00FF8532 /* DVGStreamAnnotationView.h */ = {isa = PBXFileReference; fileEncoding = 4; lastKnownFileType = sourcecode.c.h; path = DVGStreamAnnotationView.h; sourceTree = "<group>"; };
		8693516B1A4D4D0A00FF8532 /* DVGStreamAnnotationView.m */ = {isa = PBXFileReference; fileEncoding = 4; lastKnownFileType = sourcecode.c.objc; path = DVGStreamAnnotationView.m; sourceTree = "<group>"; };
		8693516C1A4D4D0A00FF8532 /* DVGStreamOverlayRenderer.h */ = {isa = PBXFileReference; fileEncoding = 4; lastKnownFileType = sourcecode.c.h; path = DVGStreamOverlayRenderer.h; sourceTree = "<group>"; };
		8693516D1A4D4D0A00FF8532 /* DVGStreamOverlayRenderer.m */ = {isa = PBXFileReference; fileEncoding = 4; lastKnownFileType = sourcecode.c.objc; path = DVGStreamOverlayRenderer.m; sourceTree = "<group>"; };
		8693516E1A4D4D0A00FF8532 /* DVGStreamsMapAnnotationView.h */ = {isa = PBXFileReference; fileEncoding = 4; lastKnownFileType = sourcecode.c.h; path = DVGStreamsMapAnnotationView.h; sourceTree = "<group>"; };
		8693516F1A4D4D0A00FF8532 /* DVGStreamsMapAnnotationView.m */ = {isa = PBXFileReference; fileEncoding = 4; lastKnownFileType = sourcecode.c.objc; path = DVGStreamsMapAnnotationView.m; sourceTree = "<group>"; };
		869351701A4D4D0A00FF8532 /* DVGStreamsMapViewController.h */ = {isa = PBXFileReference; fileEncoding = 4; lastKnownFileType = sourcecode.c.h; path = DVGStreamsMapViewController.h; sourceTree = "<group>"; };
		869351711A4D4D0A00FF8532 /* DVGStreamsMapViewController.m */ = {isa = PBXFileReference; fileEncoding = 4; lastKnownFileType = sourcecode.c.objc; path = DVGStreamsMapViewController.m; sourceTree = "<group>"; };
		869351771A4D4D5700FF8532 /* DVGMKAnnotationUtilities.h */ = {isa = PBXFileReference; fileEncoding = 4; lastKnownFileType = sourcecode.c.h; path = DVGMKAnnotationUtilities.h; sourceTree = "<group>"; };
		869351781A4D4D5700FF8532 /* DVGMKAnnotationUtilities.m */ = {isa = PBXFileReference; fileEncoding = 4; lastKnownFileType = sourcecode.c.objc; path = DVGMKAnnotationUtilities.m; sourceTree = "<group>"; };
		86C870031A4CE2B2008CCEC0 /* NHSStream+MapKit.h */ = {isa = PBXFileReference; fileEncoding = 4; lastKnownFileType = sourcecode.c.h; path = "NHSStream+MapKit.h"; sourceTree = "<group>"; };
		86C870041A4CE2B2008CCEC0 /* NHSStream+MapKit.m */ = {isa = PBXFileReference; fileEncoding = 4; lastKnownFileType = sourcecode.c.objc; path = "NHSStream+MapKit.m"; sourceTree = "<group>"; };
		86C870091A4CE2B2008CCEC0 /* NHSViewer+MapKit.h */ = {isa = PBXFileReference; fileEncoding = 4; lastKnownFileType = sourcecode.c.h; path = "NHSViewer+MapKit.h"; sourceTree = "<group>"; };
		86C8700A1A4CE2B2008CCEC0 /* NHSViewer+MapKit.m */ = {isa = PBXFileReference; fileEncoding = 4; lastKnownFileType = sourcecode.c.objc; path = "NHSViewer+MapKit.m"; sourceTree = "<group>"; };
		A5652ACC898D108EE62B81C4 /* Pods.debug.xcconfig */ = {isa = PBXFileReference; includeInIndex = 1; lastKnownFileType = text.xcconfig; name = Pods.debug.xcconfig; path = "Pods/Target Support Files/Pods/Pods.debug.xcconfig"; sourceTree = "<group>"; };
		E7CFA67E949CEB60FDBDE983 /* Pods.release.xcconfig */ = {isa = PBXFileReference; includeInIndex = 1; lastKnownFileType = text.xcconfig; name = Pods.release.xcconfig; path = "Pods/Target Support Files/Pods/Pods.release.xcconfig"; sourceTree = "<group>"; };
/* End PBXFileReference section */

/* Begin PBXFrameworksBuildPhase section */
		74E8D1111A44401700E646AB /* Frameworks */ = {
			isa = PBXFrameworksBuildPhase;
			buildActionMask = 2147483647;
			files = (
				74ACB7C71A4DCF1C00900C67 /* libiconv.dylib in Frameworks */,
				74ACB79E1A4C21EF00900C67 /* CoreLocation.framework in Frameworks */,
				74E8D1791A482E2800E646AB /* libavutil.a in Frameworks */,
				74E8D1601A444A7B00E646AB /* libNine00SecondsSDK.a in Frameworks */,
				720CC17DA2312B8032105534 /* libPods.a in Frameworks */,
				74E8D1771A482E2800E646AB /* libavdevice.a in Frameworks */,
				74E8D1781A482E2800E646AB /* libavformat.a in Frameworks */,
				74E8D1761A482E2800E646AB /* libavcodec.a in Frameworks */,
			);
			runOnlyForDeploymentPostprocessing = 0;
		};
		74E8D12A1A44401700E646AB /* Frameworks */ = {
			isa = PBXFrameworksBuildPhase;
			buildActionMask = 2147483647;
			files = (
			);
			runOnlyForDeploymentPostprocessing = 0;
		};
/* End PBXFrameworksBuildPhase section */

/* Begin PBXGroup section */
		6A95E88C0F69454493E1DACE /* Pods */ = {
			isa = PBXGroup;
			children = (
				A5652ACC898D108EE62B81C4 /* Pods.debug.xcconfig */,
				E7CFA67E949CEB60FDBDE983 /* Pods.release.xcconfig */,
			);
			name = Pods;
			sourceTree = "<group>";
		};
		74E8D10B1A44401700E646AB = {
			isa = PBXGroup;
			children = (
				74E8D1161A44401700E646AB /* Nine00SecondsSDKExample */,
				74E8D1301A44401700E646AB /* Nine00SecondsSDKExampleTests */,
				74E8D13D1A4441EF00E646AB /* Vendor */,
				74E8D1151A44401700E646AB /* Products */,
				6A95E88C0F69454493E1DACE /* Pods */,
				AC96C032B819A9FC346BEA46 /* Frameworks */,
			);
			sourceTree = "<group>";
		};
		74E8D1151A44401700E646AB /* Products */ = {
			isa = PBXGroup;
			children = (
				74E8D1141A44401700E646AB /* Nine00SecondsSDKExample.app */,
				74E8D12D1A44401700E646AB /* Nine00SecondsSDKExampleTests.xctest */,
			);
			name = Products;
			sourceTree = "<group>";
		};
		74E8D1161A44401700E646AB /* Nine00SecondsSDKExample */ = {
			isa = PBXGroup;
			children = (
				86C870121A4CE2E4008CCEC0 /* Helpers */,
				86C8700F1A4CE2B6008CCEC0 /* View Controllers */,
				74E8D11B1A44401700E646AB /* AppDelegate.h */,
				74E8D11C1A44401700E646AB /* AppDelegate.m */,
				74E8D1211A44401700E646AB /* Main.storyboard */,
				74E8D1241A44401700E646AB /* Images.xcassets */,
				74E8D1261A44401700E646AB /* LaunchScreen.xib */,
				74E8D1171A44401700E646AB /* Supporting Files */,
			);
			path = Nine00SecondsSDKExample;
			sourceTree = "<group>";
		};
		74E8D1171A44401700E646AB /* Supporting Files */ = {
			isa = PBXGroup;
			children = (
				74E8D1181A44401700E646AB /* Info.plist */,
				74E8D1191A44401700E646AB /* main.m */,
				74E8D16E1A482DC700E646AB /* Nine00SecondsSDKExample.pch */,
			);
			name = "Supporting Files";
			sourceTree = "<group>";
		};
		74E8D1301A44401700E646AB /* Nine00SecondsSDKExampleTests */ = {
			isa = PBXGroup;
			children = (
				74E8D1331A44401700E646AB /* Nine00SecondsSDKExampleTests.m */,
				74E8D1311A44401700E646AB /* Supporting Files */,
			);
			path = Nine00SecondsSDKExampleTests;
			sourceTree = "<group>";
		};
		74E8D1311A44401700E646AB /* Supporting Files */ = {
			isa = PBXGroup;
			children = (
				74E8D1321A44401700E646AB /* Info.plist */,
			);
			name = "Supporting Files";
			sourceTree = "<group>";
		};
		74E8D13D1A4441EF00E646AB /* Vendor */ = {
			isa = PBXGroup;
			children = (
				74E8D1711A482E0F00E646AB /* extobjc */,
				74E8D1701A482E0B00E646AB /* ffmpeg */,
				74E8D16F1A482DE300E646AB /* Nine00SecondsSDK */,
			);
			name = Vendor;
			sourceTree = "<group>";
		};
		74E8D16F1A482DE300E646AB /* Nine00SecondsSDK */ = {
			isa = PBXGroup;
			children = (
				74EF64E41A7656D5004AA79D /* NHSApplication.h */,
				74EF64E51A7656D5004AA79D /* NHSBroadcastManager.h */,
				74EF64E61A7656D5004AA79D /* NHSCapturePreviewView.h */,
				74EF64E71A7656D5004AA79D /* NHSStream.h */,
				74EF64E81A7656D5004AA79D /* NHSStreamPlayerController.h */,
				74EF64E91A7656D5004AA79D /* NHSStreamPlayerViewController.h */,
				74EF64EA1A7656D5004AA79D /* NHSViewer.h */,
				74EF64EB1A7656D5004AA79D /* Nine00SecondsSDK.h */,
				74E8D15E1A4448BC00E646AB /* libNine00SecondsSDK.a */,
			);
			name = Nine00SecondsSDK;
			path = ../Nine00SecondsSDK;
			sourceTree = "<group>";
		};
		74E8D1701A482E0B00E646AB /* ffmpeg */ = {
			isa = PBXGroup;
			children = (
				74E8D1721A482E2700E646AB /* libavcodec.a */,
				74E8D1731A482E2700E646AB /* libavdevice.a */,
				74E8D1741A482E2700E646AB /* libavformat.a */,
				74E8D1751A482E2700E646AB /* libavutil.a */,
			);
			name = ffmpeg;
			path = ffmpeg/lib;
			sourceTree = "<group>";
		};
		74E8D1711A482E0F00E646AB /* extobjc */ = {
			isa = PBXGroup;
			children = (
				74E8D1831A482E5700E646AB /* EXTKeyPathCoding.h */,
				74E8D17A1A482E4300E646AB /* extobjc_Prefix.pch */,
				74E8D17B1A482E4300E646AB /* extobjc.h */,
				74E8D17C1A482E4300E646AB /* EXTScope.h */,
				74E8D17D1A482E4300E646AB /* EXTScope.m */,
				74E8D17E1A482E4300E646AB /* EXTSelectorChecking.h */,
				74E8D17F1A482E4300E646AB /* EXTSelectorChecking.m */,
				74E8D1801A482E4300E646AB /* metamacros.h */,
			);
			name = extobjc;
			path = libextobjc/extobjc;
			sourceTree = "<group>";
		};
		869351671A4D4CF400FF8532 /* Map */ = {
			isa = PBXGroup;
			children = (
				869351681A4D4D0A00FF8532 /* DVGClusterAnnotationView.h */,
				869351691A4D4D0A00FF8532 /* DVGClusterAnnotationView.m */,
				8693516A1A4D4D0A00FF8532 /* DVGStreamAnnotationView.h */,
				8693516B1A4D4D0A00FF8532 /* DVGStreamAnnotationView.m */,
				8693516C1A4D4D0A00FF8532 /* DVGStreamOverlayRenderer.h */,
				8693516D1A4D4D0A00FF8532 /* DVGStreamOverlayRenderer.m */,
				8693516E1A4D4D0A00FF8532 /* DVGStreamsMapAnnotationView.h */,
				8693516F1A4D4D0A00FF8532 /* DVGStreamsMapAnnotationView.m */,
				869351701A4D4D0A00FF8532 /* DVGStreamsMapViewController.h */,
				869351711A4D4D0A00FF8532 /* DVGStreamsMapViewController.m */,
			);
			name = Map;
			sourceTree = "<group>";
		};
		86C8700F1A4CE2B6008CCEC0 /* View Controllers */ = {
			isa = PBXGroup;
			children = (
				869351671A4D4CF400FF8532 /* Map */,
				86C870131A4CE2F7008CCEC0 /* Camera */,
				86C870111A4CE2D3008CCEC0 /* Streams List */,
				74D3D4171AD7D56B00D40781 /* DVGFeatureListTableViewController.h */,
				74D3D4181AD7D56B00D40781 /* DVGFeatureListTableViewController.m */,
			);
			name = "View Controllers";
			sourceTree = "<group>";
		};
		86C870111A4CE2D3008CCEC0 /* Streams List */ = {
			isa = PBXGroup;
			children = (
				74ACB7A11A4C6A9B00900C67 /* DVGStreamsDataController.h */,
				74ACB7A21A4C6A9B00900C67 /* DVGStreamsDataController.m */,
				74ACB7A31A4C6A9B00900C67 /* DVGStreamSelectionViewController.h */,
				74ACB7A41A4C6A9B00900C67 /* DVGStreamSelectionViewController.m */,
			);
			name = "Streams List";
			sourceTree = "<group>";
		};
		86C870121A4CE2E4008CCEC0 /* Helpers */ = {
			isa = PBXGroup;
			children = (
				869351771A4D4D5700FF8532 /* DVGMKAnnotationUtilities.h */,
				869351781A4D4D5700FF8532 /* DVGMKAnnotationUtilities.m */,
				86C870031A4CE2B2008CCEC0 /* NHSStream+MapKit.h */,
				86C870041A4CE2B2008CCEC0 /* NHSStream+MapKit.m */,
				86C870091A4CE2B2008CCEC0 /* NHSViewer+MapKit.h */,
				86C8700A1A4CE2B2008CCEC0 /* NHSViewer+MapKit.m */,
			);
			name = Helpers;
			sourceTree = "<group>";
		};
		86C870131A4CE2F7008CCEC0 /* Camera */ = {
			isa = PBXGroup;
			children = (
				74E8D1971A4AECE500E646AB /* DVGCameraViewController.h */,
				74E8D1981A4AECE500E646AB /* DVGCameraViewController.m */,
			);
			name = Camera;
			sourceTree = "<group>";
		};
		AC96C032B819A9FC346BEA46 /* Frameworks */ = {
			isa = PBXGroup;
			children = (
				74ACB7C61A4DCF1C00900C67 /* libiconv.dylib */,
				74ACB79D1A4C21EF00900C67 /* CoreLocation.framework */,
				25201B60F367C42A539AE687 /* libPods.a */,
			);
			name = Frameworks;
			sourceTree = "<group>";
		};
/* End PBXGroup section */

/* Begin PBXNativeTarget section */
		74E8D1131A44401700E646AB /* Nine00SecondsSDKExample */ = {
			isa = PBXNativeTarget;
			buildConfigurationList = 74E8D1371A44401700E646AB /* Build configuration list for PBXNativeTarget "Nine00SecondsSDKExample" */;
			buildPhases = (
				1889CAF1F0C65D21FDB9EF10 /* Check Pods Manifest.lock */,
				74E8D1101A44401700E646AB /* Sources */,
				74E8D1111A44401700E646AB /* Frameworks */,
				74E8D1121A44401700E646AB /* Resources */,
				8B37C3E7CE6EB8A49FDC3759 /* Copy Pods Resources */,
			);
			buildRules = (
			);
			dependencies = (
			);
			name = Nine00SecondsSDKExample;
			productName = Nine00SecondsSDKExample;
			productReference = 74E8D1141A44401700E646AB /* Nine00SecondsSDKExample.app */;
			productType = "com.apple.product-type.application";
		};
		74E8D12C1A44401700E646AB /* Nine00SecondsSDKExampleTests */ = {
			isa = PBXNativeTarget;
			buildConfigurationList = 74E8D13A1A44401700E646AB /* Build configuration list for PBXNativeTarget "Nine00SecondsSDKExampleTests" */;
			buildPhases = (
				74E8D1291A44401700E646AB /* Sources */,
				74E8D12A1A44401700E646AB /* Frameworks */,
				74E8D12B1A44401700E646AB /* Resources */,
			);
			buildRules = (
			);
			dependencies = (
				74E8D12F1A44401700E646AB /* PBXTargetDependency */,
			);
			name = Nine00SecondsSDKExampleTests;
			productName = Nine00SecondsSDKExampleTests;
			productReference = 74E8D12D1A44401700E646AB /* Nine00SecondsSDKExampleTests.xctest */;
			productType = "com.apple.product-type.bundle.unit-test";
		};
/* End PBXNativeTarget section */

/* Begin PBXProject section */
		74E8D10C1A44401700E646AB /* Project object */ = {
			isa = PBXProject;
			attributes = {
				LastUpgradeCheck = 0610;
				ORGANIZATIONNAME = "DENIVIP Group";
				TargetAttributes = {
					74E8D1131A44401700E646AB = {
						CreatedOnToolsVersion = 6.1.1;
					};
					74E8D12C1A44401700E646AB = {
						CreatedOnToolsVersion = 6.1.1;
						TestTargetID = 74E8D1131A44401700E646AB;
					};
				};
			};
			buildConfigurationList = 74E8D10F1A44401700E646AB /* Build configuration list for PBXProject "Nine00SecondsSDKExample" */;
			compatibilityVersion = "Xcode 3.2";
			developmentRegion = English;
			hasScannedForEncodings = 0;
			knownRegions = (
				en,
				Base,
			);
			mainGroup = 74E8D10B1A44401700E646AB;
			productRefGroup = 74E8D1151A44401700E646AB /* Products */;
			projectDirPath = "";
			projectRoot = "";
			targets = (
				74E8D1131A44401700E646AB /* Nine00SecondsSDKExample */,
				74E8D12C1A44401700E646AB /* Nine00SecondsSDKExampleTests */,
			);
		};
/* End PBXProject section */

/* Begin PBXResourcesBuildPhase section */
		74E8D1121A44401700E646AB /* Resources */ = {
			isa = PBXResourcesBuildPhase;
			buildActionMask = 2147483647;
			files = (
				74E8D1231A44401700E646AB /* Main.storyboard in Resources */,
				74E8D1281A44401700E646AB /* LaunchScreen.xib in Resources */,
				74E8D1251A44401700E646AB /* Images.xcassets in Resources */,
			);
			runOnlyForDeploymentPostprocessing = 0;
		};
		74E8D12B1A44401700E646AB /* Resources */ = {
			isa = PBXResourcesBuildPhase;
			buildActionMask = 2147483647;
			files = (
			);
			runOnlyForDeploymentPostprocessing = 0;
		};
/* End PBXResourcesBuildPhase section */

/* Begin PBXShellScriptBuildPhase section */
		1889CAF1F0C65D21FDB9EF10 /* Check Pods Manifest.lock */ = {
			isa = PBXShellScriptBuildPhase;
			buildActionMask = 2147483647;
			files = (
			);
			inputPaths = (
			);
			name = "Check Pods Manifest.lock";
			outputPaths = (
			);
			runOnlyForDeploymentPostprocessing = 0;
			shellPath = /bin/sh;
			shellScript = "diff \"${PODS_ROOT}/../Podfile.lock\" \"${PODS_ROOT}/Manifest.lock\" > /dev/null\nif [[ $? != 0 ]] ; then\n    cat << EOM\nerror: The sandbox is not in sync with the Podfile.lock. Run 'pod install' or update your CocoaPods installation.\nEOM\n    exit 1\nfi\n";
			showEnvVarsInLog = 0;
		};
		8B37C3E7CE6EB8A49FDC3759 /* Copy Pods Resources */ = {
			isa = PBXShellScriptBuildPhase;
			buildActionMask = 2147483647;
			files = (
			);
			inputPaths = (
			);
			name = "Copy Pods Resources";
			outputPaths = (
			);
			runOnlyForDeploymentPostprocessing = 0;
			shellPath = /bin/sh;
			shellScript = "\"${SRCROOT}/Pods/Target Support Files/Pods/Pods-resources.sh\"\n";
			showEnvVarsInLog = 0;
		};
/* End PBXShellScriptBuildPhase section */

/* Begin PBXSourcesBuildPhase section */
		74E8D1101A44401700E646AB /* Sources */ = {
			isa = PBXSourcesBuildPhase;
			buildActionMask = 2147483647;
			files = (
				74E8D1811A482E4300E646AB /* EXTScope.m in Sources */,
				869351761A4D4D0A00FF8532 /* DVGStreamsMapViewController.m in Sources */,
				74E8D1821A482E4300E646AB /* EXTSelectorChecking.m in Sources */,
				869351721A4D4D0A00FF8532 /* DVGClusterAnnotationView.m in Sources */,
				869351791A4D4D5700FF8532 /* DVGMKAnnotationUtilities.m in Sources */,
				869351751A4D4D0A00FF8532 /* DVGStreamsMapAnnotationView.m in Sources */,
				74ACB7A61A4C6A9B00900C67 /* DVGStreamSelectionViewController.m in Sources */,
				86C8700E1A4CE2B2008CCEC0 /* NHSViewer+MapKit.m in Sources */,
				74E8D1991A4AECE500E646AB /* DVGCameraViewController.m in Sources */,
				869351731A4D4D0A00FF8532 /* DVGStreamAnnotationView.m in Sources */,
				86C8700B1A4CE2B2008CCEC0 /* NHSStream+MapKit.m in Sources */,
				869351741A4D4D0A00FF8532 /* DVGStreamOverlayRenderer.m in Sources */,
				74E8D11D1A44401700E646AB /* AppDelegate.m in Sources */,
				74ACB7A51A4C6A9B00900C67 /* DVGStreamsDataController.m in Sources */,
				74D3D4191AD7D56B00D40781 /* DVGFeatureListTableViewController.m in Sources */,
				74E8D11A1A44401700E646AB /* main.m in Sources */,
			);
			runOnlyForDeploymentPostprocessing = 0;
		};
		74E8D1291A44401700E646AB /* Sources */ = {
			isa = PBXSourcesBuildPhase;
			buildActionMask = 2147483647;
			files = (
				74E8D1341A44401700E646AB /* Nine00SecondsSDKExampleTests.m in Sources */,
			);
			runOnlyForDeploymentPostprocessing = 0;
		};
/* End PBXSourcesBuildPhase section */

/* Begin PBXTargetDependency section */
		74E8D12F1A44401700E646AB /* PBXTargetDependency */ = {
			isa = PBXTargetDependency;
			target = 74E8D1131A44401700E646AB /* Nine00SecondsSDKExample */;
			targetProxy = 74E8D12E1A44401700E646AB /* PBXContainerItemProxy */;
		};
/* End PBXTargetDependency section */

/* Begin PBXVariantGroup section */
		74E8D1211A44401700E646AB /* Main.storyboard */ = {
			isa = PBXVariantGroup;
			children = (
				74E8D1221A44401700E646AB /* Base */,
			);
			name = Main.storyboard;
			sourceTree = "<group>";
		};
		74E8D1261A44401700E646AB /* LaunchScreen.xib */ = {
			isa = PBXVariantGroup;
			children = (
				74E8D1271A44401700E646AB /* Base */,
			);
			name = LaunchScreen.xib;
			sourceTree = "<group>";
		};
/* End PBXVariantGroup section */

/* Begin XCBuildConfiguration section */
		74E8D1351A44401700E646AB /* Debug */ = {
			isa = XCBuildConfiguration;
			buildSettings = {
				ALWAYS_SEARCH_USER_PATHS = NO;
				CLANG_CXX_LANGUAGE_STANDARD = "gnu++0x";
				CLANG_CXX_LIBRARY = "libc++";
				CLANG_ENABLE_MODULES = YES;
				CLANG_ENABLE_OBJC_ARC = YES;
				CLANG_WARN_BOOL_CONVERSION = YES;
				CLANG_WARN_CONSTANT_CONVERSION = YES;
				CLANG_WARN_DIRECT_OBJC_ISA_USAGE = YES_ERROR;
				CLANG_WARN_EMPTY_BODY = YES;
				CLANG_WARN_ENUM_CONVERSION = YES;
				CLANG_WARN_INT_CONVERSION = YES;
				CLANG_WARN_OBJC_ROOT_CLASS = YES_ERROR;
				CLANG_WARN_UNREACHABLE_CODE = YES;
				CLANG_WARN__DUPLICATE_METHOD_MATCH = YES;
				"CODE_SIGN_IDENTITY[sdk=iphoneos*]" = "iPhone Developer";
				COPY_PHASE_STRIP = NO;
				ENABLE_STRICT_OBJC_MSGSEND = YES;
				GCC_C_LANGUAGE_STANDARD = gnu99;
				GCC_DYNAMIC_NO_PIC = NO;
				GCC_OPTIMIZATION_LEVEL = 0;
				GCC_PREPROCESSOR_DEFINITIONS = (
					"DEBUG=1",
					"$(inherited)",
				);
				GCC_SYMBOLS_PRIVATE_EXTERN = NO;
				GCC_WARN_64_TO_32_BIT_CONVERSION = YES;
				GCC_WARN_ABOUT_RETURN_TYPE = YES_ERROR;
				GCC_WARN_UNDECLARED_SELECTOR = YES;
				GCC_WARN_UNINITIALIZED_AUTOS = YES_AGGRESSIVE;
				GCC_WARN_UNUSED_FUNCTION = YES;
				GCC_WARN_UNUSED_VARIABLE = YES;
				IPHONEOS_DEPLOYMENT_TARGET = 8.1;
				MTL_ENABLE_DEBUG_INFO = YES;
				ONLY_ACTIVE_ARCH = YES;
				SDKROOT = iphoneos;
			};
			name = Debug;
		};
		74E8D1361A44401700E646AB /* Release */ = {
			isa = XCBuildConfiguration;
			buildSettings = {
				ALWAYS_SEARCH_USER_PATHS = NO;
				CLANG_CXX_LANGUAGE_STANDARD = "gnu++0x";
				CLANG_CXX_LIBRARY = "libc++";
				CLANG_ENABLE_MODULES = YES;
				CLANG_ENABLE_OBJC_ARC = YES;
				CLANG_WARN_BOOL_CONVERSION = YES;
				CLANG_WARN_CONSTANT_CONVERSION = YES;
				CLANG_WARN_DIRECT_OBJC_ISA_USAGE = YES_ERROR;
				CLANG_WARN_EMPTY_BODY = YES;
				CLANG_WARN_ENUM_CONVERSION = YES;
				CLANG_WARN_INT_CONVERSION = YES;
				CLANG_WARN_OBJC_ROOT_CLASS = YES_ERROR;
				CLANG_WARN_UNREACHABLE_CODE = YES;
				CLANG_WARN__DUPLICATE_METHOD_MATCH = YES;
				"CODE_SIGN_IDENTITY[sdk=iphoneos*]" = "iPhone Developer";
				COPY_PHASE_STRIP = YES;
				ENABLE_NS_ASSERTIONS = NO;
				ENABLE_STRICT_OBJC_MSGSEND = YES;
				GCC_C_LANGUAGE_STANDARD = gnu99;
				GCC_WARN_64_TO_32_BIT_CONVERSION = YES;
				GCC_WARN_ABOUT_RETURN_TYPE = YES_ERROR;
				GCC_WARN_UNDECLARED_SELECTOR = YES;
				GCC_WARN_UNINITIALIZED_AUTOS = YES_AGGRESSIVE;
				GCC_WARN_UNUSED_FUNCTION = YES;
				GCC_WARN_UNUSED_VARIABLE = YES;
				IPHONEOS_DEPLOYMENT_TARGET = 8.1;
				MTL_ENABLE_DEBUG_INFO = NO;
				SDKROOT = iphoneos;
				VALIDATE_PRODUCT = YES;
			};
			name = Release;
		};
		74E8D1381A44401700E646AB /* Debug */ = {
			isa = XCBuildConfiguration;
			baseConfigurationReference = A5652ACC898D108EE62B81C4 /* Pods.debug.xcconfig */;
			buildSettings = {
				ASSETCATALOG_COMPILER_APPICON_NAME = AppIcon;
				ENABLE_BITCODE = NO;
				FFMPEG_PATH = ../../Submodules/FFmpeg.build;
				GCC_PREFIX_HEADER = Nine00SecondsSDKExample/Nine00SecondsSDKExample.pch;
				HEADER_SEARCH_PATHS = (
					"\"${PODS_ROOT}/Headers/Public\"",
					"\"${PODS_ROOT}/Headers/Public/AFNetworking\"",
					"\"${PODS_ROOT}/Headers/Public/AWSiOSSDKv2\"",
					"\"${PODS_ROOT}/Headers/Public/Bolts\"",
					"\"${PODS_ROOT}/Headers/Public/CocoaLumberjack\"",
					"\"${PODS_ROOT}/Headers/Public/FMDB\"",
					"\"${PODS_ROOT}/Headers/Public/GZIP\"",
					"\"${PODS_ROOT}/Headers/Public/Mantle\"",
					"\"${PODS_ROOT}/Headers/Public/Reachability\"",
					"\"${PODS_ROOT}/Headers/Public/THObserversAndBinders\"",
					"\"${PODS_ROOT}/Headers/Public/TMCache\"",
					"\"${PODS_ROOT}/Headers/Public/UICKeyChainStore\"",
					"\"${PODS_ROOT}/Headers/Public/XMLDictionary\"",
					../Nine00SecondsSDK/Headers/,
				);
				INFOPLIST_FILE = Nine00SecondsSDKExample/Info.plist;
				IPHONEOS_DEPLOYMENT_TARGET = 7.0;
				LD_RUNPATH_SEARCH_PATHS = "$(inherited) @executable_path/Frameworks";
				LIBRARY_SEARCH_PATHS = (
					"$(inherited)",
					../Nine00SecondsSDK/,
					ffmpeg/lib/,
				);
				PRODUCT_NAME = "$(TARGET_NAME)";
				USER_HEADER_SEARCH_PATHS = "ffmpeg/include/$(CURRENT_ARCH) libextobjc/ ffmpeg";
			};
			name = Debug;
		};
		74E8D1391A44401700E646AB /* Release */ = {
			isa = XCBuildConfiguration;
			baseConfigurationReference = E7CFA67E949CEB60FDBDE983 /* Pods.release.xcconfig */;
			buildSettings = {
				ASSETCATALOG_COMPILER_APPICON_NAME = AppIcon;
				ENABLE_BITCODE = NO;
				FFMPEG_PATH = ../../Submodules/FFmpeg.build;
				GCC_PREFIX_HEADER = Nine00SecondsSDKExample/Nine00SecondsSDKExample.pch;
				HEADER_SEARCH_PATHS = (
					"\"${PODS_ROOT}/Headers/Public\"",
					"\"${PODS_ROOT}/Headers/Public/AFNetworking\"",
					"\"${PODS_ROOT}/Headers/Public/AWSiOSSDKv2\"",
					"\"${PODS_ROOT}/Headers/Public/Bolts\"",
					"\"${PODS_ROOT}/Headers/Public/CocoaLumberjack\"",
					"\"${PODS_ROOT}/Headers/Public/FMDB\"",
					"\"${PODS_ROOT}/Headers/Public/GZIP\"",
					"\"${PODS_ROOT}/Headers/Public/Mantle\"",
					"\"${PODS_ROOT}/Headers/Public/Reachability\"",
					"\"${PODS_ROOT}/Headers/Public/THObserversAndBinders\"",
					"\"${PODS_ROOT}/Headers/Public/TMCache\"",
					"\"${PODS_ROOT}/Headers/Public/UICKeyChainStore\"",
					"\"${PODS_ROOT}/Headers/Public/XMLDictionary\"",
					../Nine00SecondsSDK/Headers/,
				);
				INFOPLIST_FILE = Nine00SecondsSDKExample/Info.plist;
				IPHONEOS_DEPLOYMENT_TARGET = 7.0;
				LD_RUNPATH_SEARCH_PATHS = "$(inherited) @executable_path/Frameworks";
				LIBRARY_SEARCH_PATHS = (
					"$(inherited)",
					../Nine00SecondsSDK/,
					ffmpeg/lib/,
				);
				PRODUCT_NAME = "$(TARGET_NAME)";
				USER_HEADER_SEARCH_PATHS = "ffmpeg/include/$(CURRENT_ARCH) libextobjc/ ffmpeg";
			};
			name = Release;
		};
		74E8D13B1A44401700E646AB /* Debug */ = {
			isa = XCBuildConfiguration;
			buildSettings = {
				BUNDLE_LOADER = "$(TEST_HOST)";
				FRAMEWORK_SEARCH_PATHS = (
					"$(SDKROOT)/Developer/Library/Frameworks",
					"$(inherited)",
				);
				GCC_PREPROCESSOR_DEFINITIONS = (
					"DEBUG=1",
					"$(inherited)",
				);
				INFOPLIST_FILE = Nine00SecondsSDKExampleTests/Info.plist;
				LD_RUNPATH_SEARCH_PATHS = "$(inherited) @executable_path/Frameworks @loader_path/Frameworks";
				PRODUCT_NAME = "$(TARGET_NAME)";
				TEST_HOST = "$(BUILT_PRODUCTS_DIR)/Nine00SecondsSDKExample.app/Nine00SecondsSDKExample";
			};
			name = Debug;
		};
		74E8D13C1A44401700E646AB /* Release */ = {
			isa = XCBuildConfiguration;
			buildSettings = {
				BUNDLE_LOADER = "$(TEST_HOST)";
				FRAMEWORK_SEARCH_PATHS = (
					"$(SDKROOT)/Developer/Library/Frameworks",
					"$(inherited)",
				);
				INFOPLIST_FILE = Nine00SecondsSDKExampleTests/Info.plist;
				LD_RUNPATH_SEARCH_PATHS = "$(inherited) @executable_path/Frameworks @loader_path/Frameworks";
				PRODUCT_NAME = "$(TARGET_NAME)";
				TEST_HOST = "$(BUILT_PRODUCTS_DIR)/Nine00SecondsSDKExample.app/Nine00SecondsSDKExample";
			};
			name = Release;
		};
/* End XCBuildConfiguration section */

/* Begin XCConfigurationList section */
		74E8D10F1A44401700E646AB /* Build configuration list for PBXProject "Nine00SecondsSDKExample" */ = {
			isa = XCConfigurationList;
			buildConfigurations = (
				74E8D1351A44401700E646AB /* Debug */,
				74E8D1361A44401700E646AB /* Release */,
			);
			defaultConfigurationIsVisible = 0;
			defaultConfigurationName = Release;
		};
		74E8D1371A44401700E646AB /* Build configuration list for PBXNativeTarget "Nine00SecondsSDKExample" */ = {
			isa = XCConfigurationList;
			buildConfigurations = (
				74E8D1381A44401700E646AB /* Debug */,
				74E8D1391A44401700E646AB /* Release */,
			);
			defaultConfigurationIsVisible = 0;
			defaultConfigurationName = Release;
		};
		74E8D13A1A44401700E646AB /* Build configuration list for PBXNativeTarget "Nine00SecondsSDKExampleTests" */ = {
			isa = XCConfigurationList;
			buildConfigurations = (
				74E8D13B1A44401700E646AB /* Debug */,
				74E8D13C1A44401700E646AB /* Release */,
			);
			defaultConfigurationIsVisible = 0;
			defaultConfigurationName = Release;
		};
/* End XCConfigurationList section */
	};
	rootObject = 74E8D10C1A44401700E646AB /* Project object */;
}
